
Microsoft Visual Studio Solution File, Format Version 12.00
# Visual Studio Version 16
VisualStudioVersion = 16.0.810.9
MinimumVisualStudioVersion = 10.0.40219.1
Project("{FAE04EC0-301F-11D3-BF4B-00C04F79EFBC}") = "Bookmarks.Api", "Bookmarks.Api\Bookmarks.Api.csproj", "{2C5C0E00-E2A4-4E18-B4DC-024EEB49FBC2}"
EndProject
Project("{FAE04EC0-301F-11D3-BF4B-00C04F79EFBC}") = "Bookmarks.Web", "Bookmarks.Web\Bookmarks.Web.csproj", "{45B8C1EE-6C6D-4CCD-B041-12022173688D}"
EndProject
Project("{FAE04EC0-301F-11D3-BF4B-00C04F79EFBC}") = "Bookmarks.Tests", "Bookmarks.Tests\Bookmarks.Tests.csproj", "{1A01F9FC-AC54-4E6F-BC49-C661E3E64BC0}"
EndProject
Global
	GlobalSection(SolutionConfigurationPlatforms) = preSolution
		Debug|Any CPU = Debug|Any CPU
		Release|Any CPU = Release|Any CPU
	EndGlobalSection
	GlobalSection(ProjectConfigurationPlatforms) = postSolution
		{2C5C0E00-E2A4-4E18-B4DC-024EEB49FBC2}.Debug|Any CPU.ActiveCfg = Debug|Any CPU
		{2C5C0E00-E2A4-4E18-B4DC-024EEB49FBC2}.Debug|Any CPU.Build.0 = Debug|Any CPU
		{2C5C0E00-E2A4-4E18-B4DC-024EEB49FBC2}.Release|Any CPU.ActiveCfg = Release|Any CPU
		{2C5C0E00-E2A4-4E18-B4DC-024EEB49FBC2}.Release|Any CPU.Build.0 = Release|Any CPU
		{45B8C1EE-6C6D-4CCD-B041-12022173688D}.Debug|Any CPU.ActiveCfg = Debug|Any CPU
		{45B8C1EE-6C6D-4CCD-B041-12022173688D}.Debug|Any CPU.Build.0 = Debug|Any CPU
		{45B8C1EE-6C6D-4CCD-B041-12022173688D}.Release|Any CPU.ActiveCfg = Release|Any CPU
		{45B8C1EE-6C6D-4CCD-B041-12022173688D}.Release|Any CPU.Build.0 = Release|Any CPU
		{1A01F9FC-AC54-4E6F-BC49-C661E3E64BC0}.Debug|Any CPU.ActiveCfg = Debug|Any CPU
		{1A01F9FC-AC54-4E6F-BC49-C661E3E64BC0}.Debug|Any CPU.Build.0 = Debug|Any CPU
		{1A01F9FC-AC54-4E6F-BC49-C661E3E64BC0}.Release|Any CPU.ActiveCfg = Release|Any CPU
		{1A01F9FC-AC54-4E6F-BC49-C661E3E64BC0}.Release|Any CPU.Build.0 = Release|Any CPU
	EndGlobalSection
	GlobalSection(SolutionProperties) = preSolution
		HideSolutionNode = FALSE
	EndGlobalSection
	GlobalSection(ExtensibilityGlobals) = postSolution
		SolutionGuid = {E74881D8-FB0A-47B9-A235-76ACF7784FC1}
	EndGlobalSection
EndGlobal
